
Microsoft Visual Studio Solution File, Format Version 12.00
# Visual Studio 15
VisualStudioVersion = 15.0.27130.2036
MinimumVisualStudioVersion = 10.0.40219.1
Project("{FAE04EC0-301F-11D3-BF4B-00C04F79EFBC}") = "omnirover.auto", "omnirover.auto.win32\omnirover.auto.csproj", "{FD3DE379-1A80-439F-9C3A-8A7AC66372A2}"
EndProject
Project("{FAE04EC0-301F-11D3-BF4B-00C04F79EFBC}") = "omnirover.auto.APITest", "omnirover.auto.APITest\omnirover.auto.APITest.csproj", "{4DBA1926-4354-4DC9-BB6A-76B7BE619EDF}"
EndProject
Project("{FAE04EC0-301F-11D3-BF4B-00C04F79EFBC}") = "omnirover.auto.frontend", "omnirover.auto.frontend\omnirover.auto.frontend.csproj", "{C74032FA-2837-4F8E-B4AC-80C4B304227F}"
EndProject
Project("{FAE04EC0-301F-11D3-BF4B-00C04F79EFBC}") = "omnirover.auto.win32Api", "omnirover.auto.win32Api\omnirover.auto.win32Api.csproj", "{38FBDA73-CD40-4C51-B1FB-5ECB3B4C0216}"
EndProject
Project("{FAE04EC0-301F-11D3-BF4B-00C04F79EFBC}") = "omnirover.auto.Operation", "omnirover.auto.Operation\omnirover.auto.Operation.csproj", "{0C21F259-0C4F-467E-8C93-0BB04553041B}"
EndProject
Global
	GlobalSection(SolutionConfigurationPlatforms) = preSolution
		Debug|Any CPU = Debug|Any CPU
		Release|Any CPU = Release|Any CPU
	EndGlobalSection
	GlobalSection(ProjectConfigurationPlatforms) = postSolution
		{FD3DE379-1A80-439F-9C3A-8A7AC66372A2}.Debug|Any CPU.ActiveCfg = Debug|Any CPU
		{FD3DE379-1A80-439F-9C3A-8A7AC66372A2}.Debug|Any CPU.Build.0 = Debug|Any CPU
		{FD3DE379-1A80-439F-9C3A-8A7AC66372A2}.Release|Any CPU.ActiveCfg = Release|Any CPU
		{FD3DE379-1A80-439F-9C3A-8A7AC66372A2}.Release|Any CPU.Build.0 = Release|Any CPU
		{4DBA1926-4354-4DC9-BB6A-76B7BE619EDF}.Debug|Any CPU.ActiveCfg = Debug|Any CPU
		{4DBA1926-4354-4DC9-BB6A-76B7BE619EDF}.Debug|Any CPU.Build.0 = Debug|Any CPU
		{4DBA1926-4354-4DC9-BB6A-76B7BE619EDF}.Release|Any CPU.ActiveCfg = Release|Any CPU
		{4DBA1926-4354-4DC9-BB6A-76B7BE619EDF}.Release|Any CPU.Build.0 = Release|Any CPU
		{C74032FA-2837-4F8E-B4AC-80C4B304227F}.Debug|Any CPU.ActiveCfg = Debug|Any CPU
		{C74032FA-2837-4F8E-B4AC-80C4B304227F}.Debug|Any CPU.Build.0 = Debug|Any CPU
		{C74032FA-2837-4F8E-B4AC-80C4B304227F}.Release|Any CPU.ActiveCfg = Release|Any CPU
		{C74032FA-2837-4F8E-B4AC-80C4B304227F}.Release|Any CPU.Build.0 = Release|Any CPU
		{38FBDA73-CD40-4C51-B1FB-5ECB3B4C0216}.Debug|Any CPU.ActiveCfg = Debug|Any CPU
		{38FBDA73-CD40-4C51-B1FB-5ECB3B4C0216}.Debug|Any CPU.Build.0 = Debug|Any CPU
		{38FBDA73-CD40-4C51-B1FB-5ECB3B4C0216}.Release|Any CPU.ActiveCfg = Release|Any CPU
		{38FBDA73-CD40-4C51-B1FB-5ECB3B4C0216}.Release|Any CPU.Build.0 = Release|Any CPU
		{0C21F259-0C4F-467E-8C93-0BB04553041B}.Debug|Any CPU.ActiveCfg = Debug|Any CPU
		{0C21F259-0C4F-467E-8C93-0BB04553041B}.Debug|Any CPU.Build.0 = Debug|Any CPU
		{0C21F259-0C4F-467E-8C93-0BB04553041B}.Release|Any CPU.ActiveCfg = Release|Any CPU
		{0C21F259-0C4F-467E-8C93-0BB04553041B}.Release|Any CPU.Build.0 = Release|Any CPU
	EndGlobalSection
	GlobalSection(SolutionProperties) = preSolution
		HideSolutionNode = FALSE
	EndGlobalSection
	GlobalSection(ExtensibilityGlobals) = postSolution
		SolutionGuid = {6030CE2F-77CA-4B53-8C8B-4F9F0E19AD60}
	EndGlobalSection
EndGlobal
